
Microsoft Visual Studio Solution File, Format Version 12.00
# Visual Studio 15
VisualStudioVersion = 15.0.28307.489
MinimumVisualStudioVersion = 10.0.40219.1
Project("{FAE04EC0-301F-11D3-BF4B-00C04F79EFBC}") = "Expenses.Android", "Expenses\Expenses.Android\Expenses.Android.csproj", "{7B506286-C935-40E6-9566-31C6E3901E5D}"
EndProject
Project("{FAE04EC0-301F-11D3-BF4B-00C04F79EFBC}") = "Expenses.iOS", "Expenses\Expenses.iOS\Expenses.iOS.csproj", "{3711F6B0-D962-4F55-95D5-8098527DBFF4}"
EndProject
Project("{FAE04EC0-301F-11D3-BF4B-00C04F79EFBC}") = "Expenses", "Expenses\Expenses\Expenses.csproj", "{CD5397D0-050F-45D4-9309-1945B0C50935}"
EndProject
Global
	GlobalSection(SolutionConfigurationPlatforms) = preSolution
		Ad-Hoc|Any CPU = Ad-Hoc|Any CPU
		Ad-Hoc|iPhone = Ad-Hoc|iPhone
		Ad-Hoc|iPhoneSimulator = Ad-Hoc|iPhoneSimulator
		AppStore|Any CPU = AppStore|Any CPU
		AppStore|iPhone = AppStore|iPhone
		AppStore|iPhoneSimulator = AppStore|iPhoneSimulator
		Debug|Any CPU = Debug|Any CPU
		Debug|iPhone = Debug|iPhone
		Debug|iPhoneSimulator = Debug|iPhoneSimulator
		Release|Any CPU = Release|Any CPU
		Release|iPhone = Release|iPhone
		Release|iPhoneSimulator = Release|iPhoneSimulator
	EndGlobalSection
	GlobalSection(ProjectConfigurationPlatforms) = postSolution
		{7B506286-C935-40E6-9566-31C6E3901E5D}.Ad-Hoc|Any CPU.ActiveCfg = Release|Any CPU
		{7B506286-C935-40E6-9566-31C6E3901E5D}.Ad-Hoc|Any CPU.Build.0 = Release|Any CPU
		{7B506286-C935-40E6-9566-31C6E3901E5D}.Ad-Hoc|Any CPU.Deploy.0 = Release|Any CPU
		{7B506286-C935-40E6-9566-31C6E3901E5D}.Ad-Hoc|iPhone.ActiveCfg = Release|Any CPU
		{7B506286-C935-40E6-9566-31C6E3901E5D}.Ad-Hoc|iPhone.Build.0 = Release|Any CPU
		{7B506286-C935-40E6-9566-31C6E3901E5D}.Ad-Hoc|iPhone.Deploy.0 = Release|Any CPU
		{7B506286-C935-40E6-9566-31C6E3901E5D}.Ad-Hoc|iPhoneSimulator.ActiveCfg = Release|Any CPU
		{7B506286-C935-40E6-9566-31C6E3901E5D}.Ad-Hoc|iPhoneSimulator.Build.0 = Release|Any CPU
		{7B506286-C935-40E6-9566-31C6E3901E5D}.Ad-Hoc|iPhoneSimulator.Deploy.0 = Release|Any CPU
		{7B506286-C935-40E6-9566-31C6E3901E5D}.AppStore|Any CPU.ActiveCfg = Release|Any CPU
		{7B506286-C935-40E6-9566-31C6E3901E5D}.AppStore|Any CPU.Build.0 = Release|Any CPU
		{7B506286-C935-40E6-9566-31C6E3901E5D}.AppStore|Any CPU.Deploy.0 = Release|Any CPU
		{7B506286-C935-40E6-9566-31C6E3901E5D}.AppStore|iPhone.ActiveCfg = Release|Any CPU
		{7B506286-C935-40E6-9566-31C6E3901E5D}.AppStore|iPhone.Build.0 = Release|Any CPU
		{7B506286-C935-40E6-9566-31C6E3901E5D}.AppStore|iPhone.Deploy.0 = Release|Any CPU
		{7B506286-C935-40E6-9566-31C6E3901E5D}.AppStore|iPhoneSimulator.ActiveCfg = Release|Any CPU
		{7B506286-C935-40E6-9566-31C6E3901E5D}.AppStore|iPhoneSimulator.Build.0 = Release|Any CPU
		{7B506286-C935-40E6-9566-31C6E3901E5D}.AppStore|iPhoneSimulator.Deploy.0 = Release|Any CPU
		{7B506286-C935-40E6-9566-31C6E3901E5D}.Debug|Any CPU.ActiveCfg = Debug|Any CPU
		{7B506286-C935-40E6-9566-31C6E3901E5D}.Debug|Any CPU.Build.0 = Debug|Any CPU
		{7B506286-C935-40E6-9566-31C6E3901E5D}.Debug|Any CPU.Deploy.0 = Debug|Any CPU
		{7B506286-C935-40E6-9566-31C6E3901E5D}.Debug|iPhone.ActiveCfg = Debug|Any CPU
		{7B506286-C935-40E6-9566-31C6E3901E5D}.Debug|iPhone.Build.0 = Debug|Any CPU
		{7B506286-C935-40E6-9566-31C6E3901E5D}.Debug|iPhone.Deploy.0 = Debug|Any CPU
		{7B506286-C935-40E6-9566-31C6E3901E5D}.Debug|iPhoneSimulator.ActiveCfg = Debug|Any CPU
		{7B506286-C935-40E6-9566-31C6E3901E5D}.Debug|iPhoneSimulator.Build.0 = Debug|Any CPU
		{7B506286-C935-40E6-9566-31C6E3901E5D}.Debug|iPhoneSimulator.Deploy.0 = Debug|Any CPU
		{7B506286-C935-40E6-9566-31C6E3901E5D}.Release|Any CPU.ActiveCfg = Release|Any CPU
		{7B506286-C935-40E6-9566-31C6E3901E5D}.Release|Any CPU.Build.0 = Release|Any CPU
		{7B506286-C935-40E6-9566-31C6E3901E5D}.Release|Any CPU.Deploy.0 = Release|Any CPU
		{7B506286-C935-40E6-9566-31C6E3901E5D}.Release|iPhone.ActiveCfg = Release|Any CPU
		{7B506286-C935-40E6-9566-31C6E3901E5D}.Release|iPhone.Build.0 = Release|Any CPU
		{7B506286-C935-40E6-9566-31C6E3901E5D}.Release|iPhone.Deploy.0 = Release|Any CPU
		{7B506286-C935-40E6-9566-31C6E3901E5D}.Release|iPhoneSimulator.ActiveCfg = Release|Any CPU
		{7B506286-C935-40E6-9566-31C6E3901E5D}.Release|iPhoneSimulator.Build.0 = Release|Any CPU
		{7B506286-C935-40E6-9566-31C6E3901E5D}.Release|iPhoneSimulator.Deploy.0 = Release|Any CPU
		{3711F6B0-D962-4F55-95D5-8098527DBFF4}.Ad-Hoc|Any CPU.ActiveCfg = Ad-Hoc|iPhone
		{3711F6B0-D962-4F55-95D5-8098527DBFF4}.Ad-Hoc|Any CPU.Build.0 = Ad-Hoc|iPhone
		{3711F6B0-D962-4F55-95D5-8098527DBFF4}.Ad-Hoc|Any CPU.Deploy.0 = Ad-Hoc|iPhone
		{3711F6B0-D962-4F55-95D5-8098527DBFF4}.Ad-Hoc|iPhone.ActiveCfg = Ad-Hoc|iPhone
		{3711F6B0-D962-4F55-95D5-8098527DBFF4}.Ad-Hoc|iPhone.Build.0 = Ad-Hoc|iPhone
		{3711F6B0-D962-4F55-95D5-8098527DBFF4}.Ad-Hoc|iPhone.Deploy.0 = Ad-Hoc|iPhone
		{3711F6B0-D962-4F55-95D5-8098527DBFF4}.Ad-Hoc|iPhoneSimulator.ActiveCfg = Ad-Hoc|iPhoneSimulator
		{3711F6B0-D962-4F55-95D5-8098527DBFF4}.Ad-Hoc|iPhoneSimulator.Build.0 = Ad-Hoc|iPhoneSimulator
		{3711F6B0-D962-4F55-95D5-8098527DBFF4}.Ad-Hoc|iPhoneSimulator.Deploy.0 = Ad-Hoc|iPhoneSimulator
		{3711F6B0-D962-4F55-95D5-8098527DBFF4}.AppStore|Any CPU.ActiveCfg = AppStore|iPhone
		{3711F6B0-D962-4F55-95D5-8098527DBFF4}.AppStore|Any CPU.Build.0 = AppStore|iPhone
		{3711F6B0-D962-4F55-95D5-8098527DBFF4}.AppStore|Any CPU.Deploy.0 = AppStore|iPhone
		{3711F6B0-D962-4F55-95D5-8098527DBFF4}.AppStore|iPhone.ActiveCfg = AppStore|iPhone
		{3711F6B0-D962-4F55-95D5-8098527DBFF4}.AppStore|iPhone.Build.0 = AppStore|iPhone
		{3711F6B0-D962-4F55-95D5-8098527DBFF4}.AppStore|iPhone.Deploy.0 = AppStore|iPhone
		{3711F6B0-D962-4F55-95D5-8098527DBFF4}.AppStore|iPhoneSimulator.ActiveCfg = AppStore|iPhoneSimulator
		{3711F6B0-D962-4F55-95D5-8098527DBFF4}.AppStore|iPhoneSimulator.Build.0 = AppStore|iPhoneSimulator
		{3711F6B0-D962-4F55-95D5-8098527DBFF4}.AppStore|iPhoneSimulator.Deploy.0 = AppStore|iPhoneSimulator
		{3711F6B0-D962-4F55-95D5-8098527DBFF4}.Debug|Any CPU.ActiveCfg = Debug|iPhoneSimulator
		{3711F6B0-D962-4F55-95D5-8098527DBFF4}.Debug|Any CPU.Build.0 = Debug|iPhoneSimulator
		{3711F6B0-D962-4F55-95D5-8098527DBFF4}.Debug|Any CPU.Deploy.0 = Debug|iPhoneSimulator
		{3711F6B0-D962-4F55-95D5-8098527DBFF4}.Debug|iPhone.ActiveCfg = Debug|iPhone
		{3711F6B0-D962-4F55-95D5-8098527DBFF4}.Debug|iPhone.Build.0 = Debug|iPhone
		{3711F6B0-D962-4F55-95D5-8098527DBFF4}.Debug|iPhone.Deploy.0 = Debug|iPhone
		{3711F6B0-D962-4F55-95D5-8098527DBFF4}.Debug|iPhoneSimulator.ActiveCfg = Debug|iPhoneSimulator
		{3711F6B0-D962-4F55-95D5-8098527DBFF4}.Debug|iPhoneSimulator.Build.0 = Debug|iPhoneSimulator
		{3711F6B0-D962-4F55-95D5-8098527DBFF4}.Debug|iPhoneSimulator.Deploy.0 = Debug|iPhoneSimulator
		{3711F6B0-D962-4F55-95D5-8098527DBFF4}.Release|Any CPU.ActiveCfg = Release|iPhone
		{3711F6B0-D962-4F55-95D5-8098527DBFF4}.Release|Any CPU.Build.0 = Release|iPhone
		{3711F6B0-D962-4F55-95D5-8098527DBFF4}.Release|Any CPU.Deploy.0 = Release|iPhone
		{3711F6B0-D962-4F55-95D5-8098527DBFF4}.Release|iPhone.ActiveCfg = Release|iPhone
		{3711F6B0-D962-4F55-95D5-8098527DBFF4}.Release|iPhone.Build.0 = Release|iPhone
		{3711F6B0-D962-4F55-95D5-8098527DBFF4}.Release|iPhone.Deploy.0 = Release|iPhone
		{3711F6B0-D962-4F55-95D5-8098527DBFF4}.Release|iPhoneSimulator.ActiveCfg = Release|iPhoneSimulator
		{3711F6B0-D962-4F55-95D5-8098527DBFF4}.Release|iPhoneSimulator.Build.0 = Release|iPhoneSimulator
		{3711F6B0-D962-4F55-95D5-8098527DBFF4}.Release|iPhoneSimulator.Deploy.0 = Release|iPhoneSimulator
		{CD5397D0-050F-45D4-9309-1945B0C50935}.Ad-Hoc|Any CPU.ActiveCfg = Debug|Any CPU
		{CD5397D0-050F-45D4-9309-1945B0C50935}.Ad-Hoc|Any CPU.Build.0 = Debug|Any CPU
		{CD5397D0-050F-45D4-9309-1945B0C50935}.Ad-Hoc|Any CPU.Deploy.0 = Debug|Any CPU
		{CD5397D0-050F-45D4-9309-1945B0C50935}.Ad-Hoc|iPhone.ActiveCfg = Debug|Any CPU
		{CD5397D0-050F-45D4-9309-1945B0C50935}.Ad-Hoc|iPhone.Build.0 = Debug|Any CPU
		{CD5397D0-050F-45D4-9309-1945B0C50935}.Ad-Hoc|iPhone.Deploy.0 = Debug|Any CPU
		{CD5397D0-050F-45D4-9309-1945B0C50935}.Ad-Hoc|iPhoneSimulator.ActiveCfg = Debug|Any CPU
		{CD5397D0-050F-45D4-9309-1945B0C50935}.Ad-Hoc|iPhoneSimulator.Build.0 = Debug|Any CPU
		{CD5397D0-050F-45D4-9309-1945B0C50935}.Ad-Hoc|iPhoneSimulator.Deploy.0 = Debug|Any CPU
		{CD5397D0-050F-45D4-9309-1945B0C50935}.AppStore|Any CPU.ActiveCfg = Debug|Any CPU
		{CD5397D0-050F-45D4-9309-1945B0C50935}.AppStore|Any CPU.Build.0 = Debug|Any CPU
		{CD5397D0-050F-45D4-9309-1945B0C50935}.AppStore|Any CPU.Deploy.0 = Debug|Any CPU
		{CD5397D0-050F-45D4-9309-1945B0C50935}.AppStore|iPhone.ActiveCfg = Debug|Any CPU
		{CD5397D0-050F-45D4-9309-1945B0C50935}.AppStore|iPhone.Build.0 = Debug|Any CPU
		{CD5397D0-050F-45D4-9309-1945B0C50935}.AppStore|iPhone.Deploy.0 = Debug|Any CPU
		{CD5397D0-050F-45D4-9309-1945B0C50935}.AppStore|iPhoneSimulator.ActiveCfg = Debug|Any CPU
		{CD5397D0-050F-45D4-9309-1945B0C50935}.AppStore|iPhoneSimulator.Build.0 = Debug|Any CPU
		{CD5397D0-050F-45D4-9309-1945B0C50935}.AppStore|iPhoneSimulator.Deploy.0 = Debug|Any CPU
		{CD5397D0-050F-45D4-9309-1945B0C50935}.Debug|Any CPU.ActiveCfg = Debug|Any CPU
		{CD5397D0-050F-45D4-9309-1945B0C50935}.Debug|Any CPU.Build.0 = Debug|Any CPU
		{CD5397D0-050F-45D4-9309-1945B0C50935}.Debug|Any CPU.Deploy.0 = Debug|Any CPU
		{CD5397D0-050F-45D4-9309-1945B0C50935}.Debug|iPhone.ActiveCfg = Debug|Any CPU
		{CD5397D0-050F-45D4-9309-1945B0C50935}.Debug|iPhone.Build.0 = Debug|Any CPU
		{CD5397D0-050F-45D4-9309-1945B0C50935}.Debug|iPhone.Deploy.0 = Debug|Any CPU
		{CD5397D0-050F-45D4-9309-1945B0C50935}.Debug|iPhoneSimulator.ActiveCfg = Debug|Any CPU
		{CD5397D0-050F-45D4-9309-1945B0C50935}.Debug|iPhoneSimulator.Build.0 = Debug|Any CPU
		{CD5397D0-050F-45D4-9309-1945B0C50935}.Debug|iPhoneSimulator.Deploy.0 = Debug|Any CPU
		{CD5397D0-050F-45D4-9309-1945B0C50935}.Release|Any CPU.ActiveCfg = Release|Any CPU
		{CD5397D0-050F-45D4-9309-1945B0C50935}.Release|Any CPU.Build.0 = Release|Any CPU
		{CD5397D0-050F-45D4-9309-1945B0C50935}.Release|Any CPU.Deploy.0 = Release|Any CPU
		{CD5397D0-050F-45D4-9309-1945B0C50935}.Release|iPhone.ActiveCfg = Release|Any CPU
		{CD5397D0-050F-45D4-9309-1945B0C50935}.Release|iPhone.Build.0 = Release|Any CPU
		{CD5397D0-050F-45D4-9309-1945B0C50935}.Release|iPhone.Deploy.0 = Release|Any CPU
		{CD5397D0-050F-45D4-9309-1945B0C50935}.Release|iPhoneSimulator.ActiveCfg = Release|Any CPU
		{CD5397D0-050F-45D4-9309-1945B0C50935}.Release|iPhoneSimulator.Build.0 = Release|Any CPU
		{CD5397D0-050F-45D4-9309-1945B0C50935}.Release|iPhoneSimulator.Deploy.0 = Release|Any CPU
	EndGlobalSection
	GlobalSection(SolutionProperties) = preSolution
		HideSolutionNode = FALSE
	EndGlobalSection
	GlobalSection(ExtensibilityGlobals) = postSolution
		SolutionGuid = {0BB0BDE1-CDE5-4933-B470-C33CE32833AA}
	EndGlobalSection
EndGlobal
